{
  "name": "@repo-doctor/cli",
  "version": "0.1.1",
  "lockfileVersion": 3,
  "requires": true,
  "packages": {
    "": {
      "name": "@repo-doctor/cli",
      "version": "0.1.1",
      "hasInstallScript": true,
      "license": "MIT OR Apache-2.0",
      "bin": {
        "repo-doctor": "bin/repo-doctor.js"
      },
      "engines": {
        "node": ">=18"
      }
    }
  }
}
